
Microsoft Visual Studio Solution File, Format Version 12.00
# Visual Studio Version 17
VisualStudioVersion = 17.4.32916.344
MinimumVisualStudioVersion = 10.0.40219.1
Project("{FAE04EC0-301F-11D3-BF4B-00C04F79EFBC}") = "GovNotifyEmailConsole", "GovNotifyEmailConsole\GovNotifyEmailConsole.csproj", "{CE88AF7B-B362-483D-9B92-A345D8617BE4}"
EndProject
Global
	GlobalSection(SolutionConfigurationPlatforms) = preSolution
		Debug|Any CPU = Debug|Any CPU
		Release|Any CPU = Release|Any CPU
	EndGlobalSection
	GlobalSection(ProjectConfigurationPlatforms) = postSolution
		{CE88AF7B-B362-483D-9B92-A345D8617BE4}.Debug|Any CPU.ActiveCfg = Debug|Any CPU
		{CE88AF7B-B362-483D-9B92-A345D8617BE4}.Debug|Any CPU.Build.0 = Debug|Any CPU
		{CE88AF7B-B362-483D-9B92-A345D8617BE4}.Release|Any CPU.ActiveCfg = Release|Any CPU
		{CE88AF7B-B362-483D-9B92-A345D8617BE4}.Release|Any CPU.Build.0 = Release|Any CPU
	EndGlobalSection
	GlobalSection(SolutionProperties) = preSolution
		HideSolutionNode = FALSE
	EndGlobalSection
	GlobalSection(ExtensibilityGlobals) = postSolution
		SolutionGuid = {8963CB54-0C9D-4697-8295-BC4AC4CB91DC}
	EndGlobalSection
EndGlobal
